# generated by rye
# use `rye lock` or `rye sync` to update this lockfile
#
# last locked with the following flags:
#   pre: false
#   features: []
#   all-features: true
#   with-sources: false
#   generate-hashes: false
#   universal: false

-e file:.
bashlex==0.18
    # via cibuildwheel
bracex==2.4
    # via cibuildwheel
certifi==2024.6.2
    # via cibuildwheel
cibuildwheel==2.19.2
colorama==0.4.6
    # via pytest
filelock==3.15.4
    # via cibuildwheel
iniconfig==2.0.0
    # via pytest
numpy==2.0.0
    # via pyplanc
    # via scipy
packaging==24.1
    # via cibuildwheel
    # via pytest
platformdirs==4.2.2
    # via cibuildwheel
pluggy==1.5.0
    # via pytest
pytest==8.2.2
    # via pyplanc
pyyaml==6.0.1
    # via pyplanc
ruff==0.5.0
    # via pyplanc
scipy==1.14.0
    # via pyplanc
threadpoolctl==3.5.0
    # via pyplanc
